
Microsoft Visual Studio Solution File, Format Version 12.00
# Visual Studio Version 16
VisualStudioVersion = 16.0.29519.87
MinimumVisualStudioVersion = 10.0.40219.1
Project("{2150E333-8FDC-42A3-9474-1A3956D46DE8}") = "01 - Apresentação", "01 - Apresentação", "{CFD4CBFE-5945-4738-B577-83D56C761B2C}"
EndProject
Project("{2150E333-8FDC-42A3-9474-1A3956D46DE8}") = "02 - Aplicação", "02 - Aplicação", "{7EC2927B-CF98-488F-958D-87064BC415A2}"
EndProject
Project("{2150E333-8FDC-42A3-9474-1A3956D46DE8}") = "03 - Dominio", "03 - Dominio", "{BA19B30A-4C6B-4FC6-A336-C7705C98D89D}"
EndProject
Project("{2150E333-8FDC-42A3-9474-1A3956D46DE8}") = "05 - Inversão de Controle", "05 - Inversão de Controle", "{F55F7741-497D-4D40-8519-BFEE936A05E0}"
EndProject
Project("{2150E333-8FDC-42A3-9474-1A3956D46DE8}") = "04 - Infraestrutura", "04 - Infraestrutura", "{EA42BFF8-0982-4AC4-A4AE-53959ED249BE}"
EndProject
Project("{2150E333-8FDC-42A3-9474-1A3956D46DE8}") = "Adapters", "Adapters", "{F73FF99B-5EA3-4779-AE92-8F23CC955B1A}"
EndProject
Project("{9A19103F-16F7-4668-BE54-9A1E7A4F7556}") = "CC.Common", "src\CC.Common\CC.Common.csproj", "{B047B535-92E2-4827-8CED-6C1A404697F1}"
EndProject
Project("{9A19103F-16F7-4668-BE54-9A1E7A4F7556}") = "CC.Extension", "src\CC.Extension\CC.Extension.csproj", "{F4C08348-EE92-4C55-A80F-E731FDC47EC2}"
EndProject
Project("{9A19103F-16F7-4668-BE54-9A1E7A4F7556}") = "CC.IoC", "src\CC.IoC\CC.IoC.csproj", "{94BD0305-1A59-4703-852C-92E73588B599}"
EndProject
Project("{9A19103F-16F7-4668-BE54-9A1E7A4F7556}") = "CC.Warmup", "src\CC.Warmup\CC.Warmup.csproj", "{D1BDE2F6-6DAE-4BC7-9F5C-499157BD2BCB}"
EndProject
Project("{9A19103F-16F7-4668-BE54-9A1E7A4F7556}") = "Core.Shared", "src\Core.Shared\Core.Shared.csproj", "{4BDDC3D7-4298-4282-9A50-CFAA7505AE92}"
EndProject
Project("{9A19103F-16F7-4668-BE54-9A1E7A4F7556}") = "Infra.Repository.JsonFile", "src\Infra.Repository.JsonFile\Infra.Repository.JsonFile.csproj", "{A62C563E-A3EE-4EC7-AC9D-493953B78C52}"
EndProject
Project("{9A19103F-16F7-4668-BE54-9A1E7A4F7556}") = "Infra.Repository.Shared", "src\Infra.Repository.Shared\Infra.Repository.Shared.csproj", "{7B81B02B-8CDF-48DB-828C-A6BB802D429A}"
EndProject
Project("{9A19103F-16F7-4668-BE54-9A1E7A4F7556}") = "App.Shared", "src\App.Shared\App.Shared.csproj", "{3928BBB0-43E0-4491-893A-7B67BF9AE653}"
EndProject
Project("{9A19103F-16F7-4668-BE54-9A1E7A4F7556}") = "Infra.Repository.SqlServer", "src\Infra.Repository.SqlServer\Infra.Repository.SqlServer.csproj", "{3F845C7A-286F-4B48-87D8-6558F1A36BFE}"
EndProject
Project("{9A19103F-16F7-4668-BE54-9A1E7A4F7556}") = "Front.Shared", "src\Front.Shared\Front.Shared.csproj", "{E9BE0D16-57F6-4CB8-B8B0-6531464644B2}"
EndProject
Project("{9A19103F-16F7-4668-BE54-9A1E7A4F7556}") = "Core.BC.Domain", "src\Core.BC.Domain\Core.BC.Domain.csproj", "{D79D79DE-BFFD-41CF-B5D5-CF6D2E2E7ADD}"
EndProject
Project("{9A19103F-16F7-4668-BE54-9A1E7A4F7556}") = "Front.API", "src\Front.API\Front.API.csproj", "{6383FF0B-ACD9-484D-86A0-5223264AC801}"
EndProject
Project("{9A19103F-16F7-4668-BE54-9A1E7A4F7556}") = "App.Services", "src\App.Core\App.Services.csproj", "{FCC640A6-4266-4E78-ABD2-443C2974361A}"
EndProject
Project("{9A19103F-16F7-4668-BE54-9A1E7A4F7556}") = "Infra.Repository.SqlServer.Core", "src\Infra.Repository.SqlServer.Core\Infra.Repository.SqlServer.Core.csproj", "{63AC4A20-3A9B-4632-935E-D0A8F36C186D}"
EndProject
Global
	GlobalSection(SolutionConfigurationPlatforms) = preSolution
		Debug|Any CPU = Debug|Any CPU
		Debug|x64 = Debug|x64
		Debug|x86 = Debug|x86
		Release|Any CPU = Release|Any CPU
		Release|x64 = Release|x64
		Release|x86 = Release|x86
	EndGlobalSection
	GlobalSection(ProjectConfigurationPlatforms) = postSolution
		{B047B535-92E2-4827-8CED-6C1A404697F1}.Debug|Any CPU.ActiveCfg = Debug|Any CPU
		{B047B535-92E2-4827-8CED-6C1A404697F1}.Debug|Any CPU.Build.0 = Debug|Any CPU
		{B047B535-92E2-4827-8CED-6C1A404697F1}.Debug|x64.ActiveCfg = Debug|x64
		{B047B535-92E2-4827-8CED-6C1A404697F1}.Debug|x64.Build.0 = Debug|x64
		{B047B535-92E2-4827-8CED-6C1A404697F1}.Debug|x86.ActiveCfg = Debug|x86
		{B047B535-92E2-4827-8CED-6C1A404697F1}.Debug|x86.Build.0 = Debug|x86
		{B047B535-92E2-4827-8CED-6C1A404697F1}.Release|Any CPU.ActiveCfg = Release|Any CPU
		{B047B535-92E2-4827-8CED-6C1A404697F1}.Release|Any CPU.Build.0 = Release|Any CPU
		{B047B535-92E2-4827-8CED-6C1A404697F1}.Release|x64.ActiveCfg = Release|x64
		{B047B535-92E2-4827-8CED-6C1A404697F1}.Release|x64.Build.0 = Release|x64
		{B047B535-92E2-4827-8CED-6C1A404697F1}.Release|x86.ActiveCfg = Release|x86
		{B047B535-92E2-4827-8CED-6C1A404697F1}.Release|x86.Build.0 = Release|x86
		{F4C08348-EE92-4C55-A80F-E731FDC47EC2}.Debug|Any CPU.ActiveCfg = Debug|Any CPU
		{F4C08348-EE92-4C55-A80F-E731FDC47EC2}.Debug|Any CPU.Build.0 = Debug|Any CPU
		{F4C08348-EE92-4C55-A80F-E731FDC47EC2}.Debug|x64.ActiveCfg = Debug|x64
		{F4C08348-EE92-4C55-A80F-E731FDC47EC2}.Debug|x64.Build.0 = Debug|x64
		{F4C08348-EE92-4C55-A80F-E731FDC47EC2}.Debug|x86.ActiveCfg = Debug|x86
		{F4C08348-EE92-4C55-A80F-E731FDC47EC2}.Debug|x86.Build.0 = Debug|x86
		{F4C08348-EE92-4C55-A80F-E731FDC47EC2}.Release|Any CPU.ActiveCfg = Release|Any CPU
		{F4C08348-EE92-4C55-A80F-E731FDC47EC2}.Release|Any CPU.Build.0 = Release|Any CPU
		{F4C08348-EE92-4C55-A80F-E731FDC47EC2}.Release|x64.ActiveCfg = Release|x64
		{F4C08348-EE92-4C55-A80F-E731FDC47EC2}.Release|x64.Build.0 = Release|x64
		{F4C08348-EE92-4C55-A80F-E731FDC47EC2}.Release|x86.ActiveCfg = Release|x86
		{F4C08348-EE92-4C55-A80F-E731FDC47EC2}.Release|x86.Build.0 = Release|x86
		{94BD0305-1A59-4703-852C-92E73588B599}.Debug|Any CPU.ActiveCfg = Debug|Any CPU
		{94BD0305-1A59-4703-852C-92E73588B599}.Debug|Any CPU.Build.0 = Debug|Any CPU
		{94BD0305-1A59-4703-852C-92E73588B599}.Debug|x64.ActiveCfg = Debug|x64
		{94BD0305-1A59-4703-852C-92E73588B599}.Debug|x64.Build.0 = Debug|x64
		{94BD0305-1A59-4703-852C-92E73588B599}.Debug|x86.ActiveCfg = Debug|x86
		{94BD0305-1A59-4703-852C-92E73588B599}.Debug|x86.Build.0 = Debug|x86
		{94BD0305-1A59-4703-852C-92E73588B599}.Release|Any CPU.ActiveCfg = Release|Any CPU
		{94BD0305-1A59-4703-852C-92E73588B599}.Release|Any CPU.Build.0 = Release|Any CPU
		{94BD0305-1A59-4703-852C-92E73588B599}.Release|x64.ActiveCfg = Release|x64
		{94BD0305-1A59-4703-852C-92E73588B599}.Release|x64.Build.0 = Release|x64
		{94BD0305-1A59-4703-852C-92E73588B599}.Release|x86.ActiveCfg = Release|x86
		{94BD0305-1A59-4703-852C-92E73588B599}.Release|x86.Build.0 = Release|x86
		{D1BDE2F6-6DAE-4BC7-9F5C-499157BD2BCB}.Debug|Any CPU.ActiveCfg = Debug|Any CPU
		{D1BDE2F6-6DAE-4BC7-9F5C-499157BD2BCB}.Debug|Any CPU.Build.0 = Debug|Any CPU
		{D1BDE2F6-6DAE-4BC7-9F5C-499157BD2BCB}.Debug|x64.ActiveCfg = Debug|x64
		{D1BDE2F6-6DAE-4BC7-9F5C-499157BD2BCB}.Debug|x64.Build.0 = Debug|x64
		{D1BDE2F6-6DAE-4BC7-9F5C-499157BD2BCB}.Debug|x86.ActiveCfg = Debug|x86
		{D1BDE2F6-6DAE-4BC7-9F5C-499157BD2BCB}.Debug|x86.Build.0 = Debug|x86
		{D1BDE2F6-6DAE-4BC7-9F5C-499157BD2BCB}.Release|Any CPU.ActiveCfg = Release|Any CPU
		{D1BDE2F6-6DAE-4BC7-9F5C-499157BD2BCB}.Release|Any CPU.Build.0 = Release|Any CPU
		{D1BDE2F6-6DAE-4BC7-9F5C-499157BD2BCB}.Release|x64.ActiveCfg = Release|x64
		{D1BDE2F6-6DAE-4BC7-9F5C-499157BD2BCB}.Release|x64.Build.0 = Release|x64
		{D1BDE2F6-6DAE-4BC7-9F5C-499157BD2BCB}.Release|x86.ActiveCfg = Release|x86
		{D1BDE2F6-6DAE-4BC7-9F5C-499157BD2BCB}.Release|x86.Build.0 = Release|x86
		{4BDDC3D7-4298-4282-9A50-CFAA7505AE92}.Debug|Any CPU.ActiveCfg = Debug|Any CPU
		{4BDDC3D7-4298-4282-9A50-CFAA7505AE92}.Debug|Any CPU.Build.0 = Debug|Any CPU
		{4BDDC3D7-4298-4282-9A50-CFAA7505AE92}.Debug|x64.ActiveCfg = Debug|x64
		{4BDDC3D7-4298-4282-9A50-CFAA7505AE92}.Debug|x64.Build.0 = Debug|x64
		{4BDDC3D7-4298-4282-9A50-CFAA7505AE92}.Debug|x86.ActiveCfg = Debug|x86
		{4BDDC3D7-4298-4282-9A50-CFAA7505AE92}.Debug|x86.Build.0 = Debug|x86
		{4BDDC3D7-4298-4282-9A50-CFAA7505AE92}.Release|Any CPU.ActiveCfg = Release|Any CPU
		{4BDDC3D7-4298-4282-9A50-CFAA7505AE92}.Release|Any CPU.Build.0 = Release|Any CPU
		{4BDDC3D7-4298-4282-9A50-CFAA7505AE92}.Release|x64.ActiveCfg = Release|x64
		{4BDDC3D7-4298-4282-9A50-CFAA7505AE92}.Release|x64.Build.0 = Release|x64
		{4BDDC3D7-4298-4282-9A50-CFAA7505AE92}.Release|x86.ActiveCfg = Release|x86
		{4BDDC3D7-4298-4282-9A50-CFAA7505AE92}.Release|x86.Build.0 = Release|x86
		{A62C563E-A3EE-4EC7-AC9D-493953B78C52}.Debug|Any CPU.ActiveCfg = Debug|Any CPU
		{A62C563E-A3EE-4EC7-AC9D-493953B78C52}.Debug|Any CPU.Build.0 = Debug|Any CPU
		{A62C563E-A3EE-4EC7-AC9D-493953B78C52}.Debug|x64.ActiveCfg = Debug|x64
		{A62C563E-A3EE-4EC7-AC9D-493953B78C52}.Debug|x64.Build.0 = Debug|x64
		{A62C563E-A3EE-4EC7-AC9D-493953B78C52}.Debug|x86.ActiveCfg = Debug|x86
		{A62C563E-A3EE-4EC7-AC9D-493953B78C52}.Debug|x86.Build.0 = Debug|x86
		{A62C563E-A3EE-4EC7-AC9D-493953B78C52}.Release|Any CPU.ActiveCfg = Release|Any CPU
		{A62C563E-A3EE-4EC7-AC9D-493953B78C52}.Release|Any CPU.Build.0 = Release|Any CPU
		{A62C563E-A3EE-4EC7-AC9D-493953B78C52}.Release|x64.ActiveCfg = Release|x64
		{A62C563E-A3EE-4EC7-AC9D-493953B78C52}.Release|x64.Build.0 = Release|x64
		{A62C563E-A3EE-4EC7-AC9D-493953B78C52}.Release|x86.ActiveCfg = Release|x86
		{A62C563E-A3EE-4EC7-AC9D-493953B78C52}.Release|x86.Build.0 = Release|x86
		{7B81B02B-8CDF-48DB-828C-A6BB802D429A}.Debug|Any CPU.ActiveCfg = Debug|Any CPU
		{7B81B02B-8CDF-48DB-828C-A6BB802D429A}.Debug|Any CPU.Build.0 = Debug|Any CPU
		{7B81B02B-8CDF-48DB-828C-A6BB802D429A}.Debug|x64.ActiveCfg = Debug|x64
		{7B81B02B-8CDF-48DB-828C-A6BB802D429A}.Debug|x64.Build.0 = Debug|x64
		{7B81B02B-8CDF-48DB-828C-A6BB802D429A}.Debug|x86.ActiveCfg = Debug|x86
		{7B81B02B-8CDF-48DB-828C-A6BB802D429A}.Debug|x86.Build.0 = Debug|x86
		{7B81B02B-8CDF-48DB-828C-A6BB802D429A}.Release|Any CPU.ActiveCfg = Release|Any CPU
		{7B81B02B-8CDF-48DB-828C-A6BB802D429A}.Release|Any CPU.Build.0 = Release|Any CPU
		{7B81B02B-8CDF-48DB-828C-A6BB802D429A}.Release|x64.ActiveCfg = Release|x64
		{7B81B02B-8CDF-48DB-828C-A6BB802D429A}.Release|x64.Build.0 = Release|x64
		{7B81B02B-8CDF-48DB-828C-A6BB802D429A}.Release|x86.ActiveCfg = Release|x86
		{7B81B02B-8CDF-48DB-828C-A6BB802D429A}.Release|x86.Build.0 = Release|x86
		{3928BBB0-43E0-4491-893A-7B67BF9AE653}.Debug|Any CPU.ActiveCfg = Debug|Any CPU
		{3928BBB0-43E0-4491-893A-7B67BF9AE653}.Debug|Any CPU.Build.0 = Debug|Any CPU
		{3928BBB0-43E0-4491-893A-7B67BF9AE653}.Debug|x64.ActiveCfg = Debug|x64
		{3928BBB0-43E0-4491-893A-7B67BF9AE653}.Debug|x64.Build.0 = Debug|x64
		{3928BBB0-43E0-4491-893A-7B67BF9AE653}.Debug|x86.ActiveCfg = Debug|x86
		{3928BBB0-43E0-4491-893A-7B67BF9AE653}.Debug|x86.Build.0 = Debug|x86
		{3928BBB0-43E0-4491-893A-7B67BF9AE653}.Release|Any CPU.ActiveCfg = Release|Any CPU
		{3928BBB0-43E0-4491-893A-7B67BF9AE653}.Release|Any CPU.Build.0 = Release|Any CPU
		{3928BBB0-43E0-4491-893A-7B67BF9AE653}.Release|x64.ActiveCfg = Release|x64
		{3928BBB0-43E0-4491-893A-7B67BF9AE653}.Release|x64.Build.0 = Release|x64
		{3928BBB0-43E0-4491-893A-7B67BF9AE653}.Release|x86.ActiveCfg = Release|x86
		{3928BBB0-43E0-4491-893A-7B67BF9AE653}.Release|x86.Build.0 = Release|x86
		{3F845C7A-286F-4B48-87D8-6558F1A36BFE}.Debug|Any CPU.ActiveCfg = Debug|Any CPU
		{3F845C7A-286F-4B48-87D8-6558F1A36BFE}.Debug|Any CPU.Build.0 = Debug|Any CPU
		{3F845C7A-286F-4B48-87D8-6558F1A36BFE}.Debug|x64.ActiveCfg = Debug|x64
		{3F845C7A-286F-4B48-87D8-6558F1A36BFE}.Debug|x64.Build.0 = Debug|x64
		{3F845C7A-286F-4B48-87D8-6558F1A36BFE}.Debug|x86.ActiveCfg = Debug|x86
		{3F845C7A-286F-4B48-87D8-6558F1A36BFE}.Debug|x86.Build.0 = Debug|x86
		{3F845C7A-286F-4B48-87D8-6558F1A36BFE}.Release|Any CPU.ActiveCfg = Release|Any CPU
		{3F845C7A-286F-4B48-87D8-6558F1A36BFE}.Release|Any CPU.Build.0 = Release|Any CPU
		{3F845C7A-286F-4B48-87D8-6558F1A36BFE}.Release|x64.ActiveCfg = Release|x64
		{3F845C7A-286F-4B48-87D8-6558F1A36BFE}.Release|x64.Build.0 = Release|x64
		{3F845C7A-286F-4B48-87D8-6558F1A36BFE}.Release|x86.ActiveCfg = Release|x86
		{3F845C7A-286F-4B48-87D8-6558F1A36BFE}.Release|x86.Build.0 = Release|x86
		{E9BE0D16-57F6-4CB8-B8B0-6531464644B2}.Debug|Any CPU.ActiveCfg = Debug|Any CPU
		{E9BE0D16-57F6-4CB8-B8B0-6531464644B2}.Debug|Any CPU.Build.0 = Debug|Any CPU
		{E9BE0D16-57F6-4CB8-B8B0-6531464644B2}.Debug|x64.ActiveCfg = Debug|x64
		{E9BE0D16-57F6-4CB8-B8B0-6531464644B2}.Debug|x64.Build.0 = Debug|x64
		{E9BE0D16-57F6-4CB8-B8B0-6531464644B2}.Debug|x86.ActiveCfg = Debug|x86
		{E9BE0D16-57F6-4CB8-B8B0-6531464644B2}.Debug|x86.Build.0 = Debug|x86
		{E9BE0D16-57F6-4CB8-B8B0-6531464644B2}.Release|Any CPU.ActiveCfg = Release|Any CPU
		{E9BE0D16-57F6-4CB8-B8B0-6531464644B2}.Release|Any CPU.Build.0 = Release|Any CPU
		{E9BE0D16-57F6-4CB8-B8B0-6531464644B2}.Release|x64.ActiveCfg = Release|x64
		{E9BE0D16-57F6-4CB8-B8B0-6531464644B2}.Release|x64.Build.0 = Release|x64
		{E9BE0D16-57F6-4CB8-B8B0-6531464644B2}.Release|x86.ActiveCfg = Release|x86
		{E9BE0D16-57F6-4CB8-B8B0-6531464644B2}.Release|x86.Build.0 = Release|x86
		{D79D79DE-BFFD-41CF-B5D5-CF6D2E2E7ADD}.Debug|Any CPU.ActiveCfg = Debug|Any CPU
		{D79D79DE-BFFD-41CF-B5D5-CF6D2E2E7ADD}.Debug|Any CPU.Build.0 = Debug|Any CPU
		{D79D79DE-BFFD-41CF-B5D5-CF6D2E2E7ADD}.Debug|x64.ActiveCfg = Debug|x64
		{D79D79DE-BFFD-41CF-B5D5-CF6D2E2E7ADD}.Debug|x64.Build.0 = Debug|x64
		{D79D79DE-BFFD-41CF-B5D5-CF6D2E2E7ADD}.Debug|x86.ActiveCfg = Debug|x86
		{D79D79DE-BFFD-41CF-B5D5-CF6D2E2E7ADD}.Debug|x86.Build.0 = Debug|x86
		{D79D79DE-BFFD-41CF-B5D5-CF6D2E2E7ADD}.Release|Any CPU.ActiveCfg = Release|Any CPU
		{D79D79DE-BFFD-41CF-B5D5-CF6D2E2E7ADD}.Release|Any CPU.Build.0 = Release|Any CPU
		{D79D79DE-BFFD-41CF-B5D5-CF6D2E2E7ADD}.Release|x64.ActiveCfg = Release|x64
		{D79D79DE-BFFD-41CF-B5D5-CF6D2E2E7ADD}.Release|x64.Build.0 = Release|x64
		{D79D79DE-BFFD-41CF-B5D5-CF6D2E2E7ADD}.Release|x86.ActiveCfg = Release|x86
		{D79D79DE-BFFD-41CF-B5D5-CF6D2E2E7ADD}.Release|x86.Build.0 = Release|x86
		{6383FF0B-ACD9-484D-86A0-5223264AC801}.Debug|Any CPU.ActiveCfg = Debug|Any CPU
		{6383FF0B-ACD9-484D-86A0-5223264AC801}.Debug|Any CPU.Build.0 = Debug|Any CPU
		{6383FF0B-ACD9-484D-86A0-5223264AC801}.Debug|x64.ActiveCfg = Debug|x64
		{6383FF0B-ACD9-484D-86A0-5223264AC801}.Debug|x64.Build.0 = Debug|x64
		{6383FF0B-ACD9-484D-86A0-5223264AC801}.Debug|x86.ActiveCfg = Debug|x86
		{6383FF0B-ACD9-484D-86A0-5223264AC801}.Debug|x86.Build.0 = Debug|x86
		{6383FF0B-ACD9-484D-86A0-5223264AC801}.Release|Any CPU.ActiveCfg = Release|Any CPU
		{6383FF0B-ACD9-484D-86A0-5223264AC801}.Release|Any CPU.Build.0 = Release|Any CPU
		{6383FF0B-ACD9-484D-86A0-5223264AC801}.Release|x64.ActiveCfg = Release|x64
		{6383FF0B-ACD9-484D-86A0-5223264AC801}.Release|x64.Build.0 = Release|x64
		{6383FF0B-ACD9-484D-86A0-5223264AC801}.Release|x86.ActiveCfg = Release|x86
		{6383FF0B-ACD9-484D-86A0-5223264AC801}.Release|x86.Build.0 = Release|x86
		{FCC640A6-4266-4E78-ABD2-443C2974361A}.Debug|Any CPU.ActiveCfg = Debug|Any CPU
		{FCC640A6-4266-4E78-ABD2-443C2974361A}.Debug|Any CPU.Build.0 = Debug|Any CPU
		{FCC640A6-4266-4E78-ABD2-443C2974361A}.Debug|x64.ActiveCfg = Debug|x64
		{FCC640A6-4266-4E78-ABD2-443C2974361A}.Debug|x64.Build.0 = Debug|x64
		{FCC640A6-4266-4E78-ABD2-443C2974361A}.Debug|x86.ActiveCfg = Debug|x86
		{FCC640A6-4266-4E78-ABD2-443C2974361A}.Debug|x86.Build.0 = Debug|x86
		{FCC640A6-4266-4E78-ABD2-443C2974361A}.Release|Any CPU.ActiveCfg = Release|Any CPU
		{FCC640A6-4266-4E78-ABD2-443C2974361A}.Release|Any CPU.Build.0 = Release|Any CPU
		{FCC640A6-4266-4E78-ABD2-443C2974361A}.Release|x64.ActiveCfg = Release|x64
		{FCC640A6-4266-4E78-ABD2-443C2974361A}.Release|x64.Build.0 = Release|x64
		{FCC640A6-4266-4E78-ABD2-443C2974361A}.Release|x86.ActiveCfg = Release|x86
		{FCC640A6-4266-4E78-ABD2-443C2974361A}.Release|x86.Build.0 = Release|x86
		{63AC4A20-3A9B-4632-935E-D0A8F36C186D}.Debug|Any CPU.ActiveCfg = Debug|Any CPU
		{63AC4A20-3A9B-4632-935E-D0A8F36C186D}.Debug|Any CPU.Build.0 = Debug|Any CPU
		{63AC4A20-3A9B-4632-935E-D0A8F36C186D}.Debug|x64.ActiveCfg = Debug|x64
		{63AC4A20-3A9B-4632-935E-D0A8F36C186D}.Debug|x64.Build.0 = Debug|x64
		{63AC4A20-3A9B-4632-935E-D0A8F36C186D}.Debug|x86.ActiveCfg = Debug|x86
		{63AC4A20-3A9B-4632-935E-D0A8F36C186D}.Debug|x86.Build.0 = Debug|x86
		{63AC4A20-3A9B-4632-935E-D0A8F36C186D}.Release|Any CPU.ActiveCfg = Release|Any CPU
		{63AC4A20-3A9B-4632-935E-D0A8F36C186D}.Release|Any CPU.Build.0 = Release|Any CPU
		{63AC4A20-3A9B-4632-935E-D0A8F36C186D}.Release|x64.ActiveCfg = Release|x64
		{63AC4A20-3A9B-4632-935E-D0A8F36C186D}.Release|x64.Build.0 = Release|x64
		{63AC4A20-3A9B-4632-935E-D0A8F36C186D}.Release|x86.ActiveCfg = Release|x86
		{63AC4A20-3A9B-4632-935E-D0A8F36C186D}.Release|x86.Build.0 = Release|x86
	EndGlobalSection
	GlobalSection(SolutionProperties) = preSolution
		HideSolutionNode = FALSE
	EndGlobalSection
	GlobalSection(NestedProjects) = preSolution
		{F73FF99B-5EA3-4779-AE92-8F23CC955B1A} = {EA42BFF8-0982-4AC4-A4AE-53959ED249BE}
		{B047B535-92E2-4827-8CED-6C1A404697F1} = {F55F7741-497D-4D40-8519-BFEE936A05E0}
		{F4C08348-EE92-4C55-A80F-E731FDC47EC2} = {F55F7741-497D-4D40-8519-BFEE936A05E0}
		{94BD0305-1A59-4703-852C-92E73588B599} = {F55F7741-497D-4D40-8519-BFEE936A05E0}
		{D1BDE2F6-6DAE-4BC7-9F5C-499157BD2BCB} = {F55F7741-497D-4D40-8519-BFEE936A05E0}
		{4BDDC3D7-4298-4282-9A50-CFAA7505AE92} = {F55F7741-497D-4D40-8519-BFEE936A05E0}
		{A62C563E-A3EE-4EC7-AC9D-493953B78C52} = {F73FF99B-5EA3-4779-AE92-8F23CC955B1A}
		{7B81B02B-8CDF-48DB-828C-A6BB802D429A} = {F73FF99B-5EA3-4779-AE92-8F23CC955B1A}
		{3928BBB0-43E0-4491-893A-7B67BF9AE653} = {F55F7741-497D-4D40-8519-BFEE936A05E0}
		{3F845C7A-286F-4B48-87D8-6558F1A36BFE} = {F73FF99B-5EA3-4779-AE92-8F23CC955B1A}
		{E9BE0D16-57F6-4CB8-B8B0-6531464644B2} = {F55F7741-497D-4D40-8519-BFEE936A05E0}
		{D79D79DE-BFFD-41CF-B5D5-CF6D2E2E7ADD} = {BA19B30A-4C6B-4FC6-A336-C7705C98D89D}
		{6383FF0B-ACD9-484D-86A0-5223264AC801} = {CFD4CBFE-5945-4738-B577-83D56C761B2C}
		{FCC640A6-4266-4E78-ABD2-443C2974361A} = {7EC2927B-CF98-488F-958D-87064BC415A2}
		{63AC4A20-3A9B-4632-935E-D0A8F36C186D} = {EA42BFF8-0982-4AC4-A4AE-53959ED249BE}
	EndGlobalSection
	GlobalSection(ExtensibilityGlobals) = postSolution
		SolutionGuid = {9847E8DA-AE4F-4CD9-BF42-B86DF9C0BFF1}
	EndGlobalSection
EndGlobal
